
Microsoft Visual Studio Solution File, Format Version 12.00
# Visual Studio Version 16
VisualStudioVersion = 16.0.30804.86
MinimumVisualStudioVersion = 10.0.40219.1
Project("{FAE04EC0-301F-11D3-BF4B-00C04F79EFBC}") = "WindowsFormsApp1", "WindowsFormsApp1\WindowsFormsApp1.csproj", "{C42A42A8-A1F5-4FCC-9306-E9BAEE9855F0}"
EndProject
Global
	GlobalSection(SolutionConfigurationPlatforms) = preSolution
		Debug|Any CPU = Debug|Any CPU
		Release|Any CPU = Release|Any CPU
	EndGlobalSection
	GlobalSection(ProjectConfigurationPlatforms) = postSolution
		{C42A42A8-A1F5-4FCC-9306-E9BAEE9855F0}.Debug|Any CPU.ActiveCfg = Debug|Any CPU
		{C42A42A8-A1F5-4FCC-9306-E9BAEE9855F0}.Debug|Any CPU.Build.0 = Debug|Any CPU
		{C42A42A8-A1F5-4FCC-9306-E9BAEE9855F0}.Release|Any CPU.ActiveCfg = Release|Any CPU
		{C42A42A8-A1F5-4FCC-9306-E9BAEE9855F0}.Release|Any CPU.Build.0 = Release|Any CPU
	EndGlobalSection
	GlobalSection(SolutionProperties) = preSolution
		HideSolutionNode = FALSE
	EndGlobalSection
	GlobalSection(ExtensibilityGlobals) = postSolution
		SolutionGuid = {5DB619A8-6664-4A73-9039-23BA594E1CC1}
	EndGlobalSection
EndGlobal
